
Microsoft Visual Studio Solution File, Format Version 12.00
# Visual Studio Version 16
VisualStudioVersion = 16.0.30717.126
MinimumVisualStudioVersion = 10.0.40219.1
Project("{FAE04EC0-301F-11D3-BF4B-00C04F79EFBC}") = "00_Library", "00_Biblioteca\00_Library.csproj", "{301B54A4-1288-4F13-8D3D-5C5C52639782}"
EndProject
Project("{FAE04EC0-301F-11D3-BF4B-00C04F79EFBC}") = "01_SerializeXML", "01_SerializeXML\01_SerializeXML.csproj", "{BC7E694E-A846-414C-8EA2-2CDAE6E5922C}"
EndProject
Project("{FAE04EC0-301F-11D3-BF4B-00C04F79EFBC}") = "02_Deserialize", "02_Deserialize\02_Deserialize.csproj", "{8E512219-3A85-4E91-9993-89FED52BAD48}"
EndProject
Project("{FAE04EC0-301F-11D3-BF4B-00C04F79EFBC}") = "03_SerializeJSON", "03\03_SerializeJSON.csproj", "{B58E7714-C26E-4221-9BD9-B23CC5AC221A}"
EndProject
Project("{FAE04EC0-301F-11D3-BF4B-00C04F79EFBC}") = "04_DeserializeJSON", "04_DeserializeJSON\04_DeserializeJSON.csproj", "{597BD7FB-6E47-410C-8485-9184098F223D}"
EndProject
Global
	GlobalSection(SolutionConfigurationPlatforms) = preSolution
		Debug|Any CPU = Debug|Any CPU
		Release|Any CPU = Release|Any CPU
	EndGlobalSection
	GlobalSection(ProjectConfigurationPlatforms) = postSolution
		{301B54A4-1288-4F13-8D3D-5C5C52639782}.Debug|Any CPU.ActiveCfg = Debug|Any CPU
		{301B54A4-1288-4F13-8D3D-5C5C52639782}.Debug|Any CPU.Build.0 = Debug|Any CPU
		{301B54A4-1288-4F13-8D3D-5C5C52639782}.Release|Any CPU.ActiveCfg = Release|Any CPU
		{301B54A4-1288-4F13-8D3D-5C5C52639782}.Release|Any CPU.Build.0 = Release|Any CPU
		{BC7E694E-A846-414C-8EA2-2CDAE6E5922C}.Debug|Any CPU.ActiveCfg = Debug|Any CPU
		{BC7E694E-A846-414C-8EA2-2CDAE6E5922C}.Debug|Any CPU.Build.0 = Debug|Any CPU
		{BC7E694E-A846-414C-8EA2-2CDAE6E5922C}.Release|Any CPU.ActiveCfg = Release|Any CPU
		{BC7E694E-A846-414C-8EA2-2CDAE6E5922C}.Release|Any CPU.Build.0 = Release|Any CPU
		{8E512219-3A85-4E91-9993-89FED52BAD48}.Debug|Any CPU.ActiveCfg = Debug|Any CPU
		{8E512219-3A85-4E91-9993-89FED52BAD48}.Debug|Any CPU.Build.0 = Debug|Any CPU
		{8E512219-3A85-4E91-9993-89FED52BAD48}.Release|Any CPU.ActiveCfg = Release|Any CPU
		{8E512219-3A85-4E91-9993-89FED52BAD48}.Release|Any CPU.Build.0 = Release|Any CPU
		{B58E7714-C26E-4221-9BD9-B23CC5AC221A}.Debug|Any CPU.ActiveCfg = Debug|Any CPU
		{B58E7714-C26E-4221-9BD9-B23CC5AC221A}.Debug|Any CPU.Build.0 = Debug|Any CPU
		{B58E7714-C26E-4221-9BD9-B23CC5AC221A}.Release|Any CPU.ActiveCfg = Release|Any CPU
		{B58E7714-C26E-4221-9BD9-B23CC5AC221A}.Release|Any CPU.Build.0 = Release|Any CPU
		{597BD7FB-6E47-410C-8485-9184098F223D}.Debug|Any CPU.ActiveCfg = Debug|Any CPU
		{597BD7FB-6E47-410C-8485-9184098F223D}.Debug|Any CPU.Build.0 = Debug|Any CPU
		{597BD7FB-6E47-410C-8485-9184098F223D}.Release|Any CPU.ActiveCfg = Release|Any CPU
		{597BD7FB-6E47-410C-8485-9184098F223D}.Release|Any CPU.Build.0 = Release|Any CPU
	EndGlobalSection
	GlobalSection(SolutionProperties) = preSolution
		HideSolutionNode = FALSE
	EndGlobalSection
	GlobalSection(ExtensibilityGlobals) = postSolution
		SolutionGuid = {02F6D46A-B7D2-4150-9EC0-AC71B6B4B3BA}
	EndGlobalSection
EndGlobal
